
Microsoft Visual Studio Solution File, Format Version 12.00
# Visual Studio Version 17
VisualStudioVersion = 17.14.36603.0 d17.14
MinimumVisualStudioVersion = 10.0.40219.1
Project("{FAE04EC0-301F-11D3-BF4B-00C04F79EFBC}") = "WpfApp", "WpfApp\WpfApp.csproj", "{14864D42-9D29-4A08-8A09-F066F4B3FB11}"
EndProject
Global
	GlobalSection(SolutionConfigurationPlatforms) = preSolution
		Debug|Any CPU = Debug|Any CPU
		Release|Any CPU = Release|Any CPU
	EndGlobalSection
	GlobalSection(ProjectConfigurationPlatforms) = postSolution
		{14864D42-9D29-4A08-8A09-F066F4B3FB11}.Debug|Any CPU.ActiveCfg = Debug|Any CPU
		{14864D42-9D29-4A08-8A09-F066F4B3FB11}.Debug|Any CPU.Build.0 = Debug|Any CPU
		{14864D42-9D29-4A08-8A09-F066F4B3FB11}.Release|Any CPU.ActiveCfg = Release|Any CPU
		{14864D42-9D29-4A08-8A09-F066F4B3FB11}.Release|Any CPU.Build.0 = Release|Any CPU
	EndGlobalSection
	GlobalSection(SolutionProperties) = preSolution
		HideSolutionNode = FALSE
	EndGlobalSection
	GlobalSection(ExtensibilityGlobals) = postSolution
		SolutionGuid = {7A60271E-F599-4E75-9217-0B8BF8B2FB2F}
	EndGlobalSection
EndGlobal
